
Microsoft Visual Studio Solution File, Format Version 12.00
# Visual Studio Version 16
VisualStudioVersion = 16.0.31829.152
MinimumVisualStudioVersion = 10.0.40219.1
Project("{FAE04EC0-301F-11D3-BF4B-00C04F79EFBC}") = "TheArchipelagoGame", "TheArchipelagoGame\TheArchipelagoGame.csproj", "{FD934E89-4956-49B4-81EC-51BBB1EF9DE1}"
EndProject
Global
	GlobalSection(SolutionConfigurationPlatforms) = preSolution
		Debug|Any CPU = Debug|Any CPU
		Release|Any CPU = Release|Any CPU
	EndGlobalSection
	GlobalSection(ProjectConfigurationPlatforms) = postSolution
		{FD934E89-4956-49B4-81EC-51BBB1EF9DE1}.Debug|Any CPU.ActiveCfg = Debug|Any CPU
		{FD934E89-4956-49B4-81EC-51BBB1EF9DE1}.Debug|Any CPU.Build.0 = Debug|Any CPU
		{FD934E89-4956-49B4-81EC-51BBB1EF9DE1}.Release|Any CPU.ActiveCfg = Release|Any CPU
		{FD934E89-4956-49B4-81EC-51BBB1EF9DE1}.Release|Any CPU.Build.0 = Release|Any CPU
	EndGlobalSection
	GlobalSection(SolutionProperties) = preSolution
		HideSolutionNode = FALSE
	EndGlobalSection
	GlobalSection(ExtensibilityGlobals) = postSolution
		SolutionGuid = {77290A8A-EF35-4621-A544-55FF3F15D125}
	EndGlobalSection
EndGlobal
